
Microsoft Visual Studio Solution File, Format Version 11.00
# Visual Studio 2010
Project("{2150E333-8FDC-42A3-9474-1A3956D46DE8}") = "Spark", "Spark", "{AC5747EB-66AB-4B05-BF30-7AA088A89F34}"
EndProject
Project("{FAE04EC0-301F-11D3-BF4B-00C04F79EFBC}") = "Assman", "src\Assman\Assman.csproj", "{3A84EC12-7997-417E-AE49-CB7ADFB06B8A}"
EndProject
Project("{FAE04EC0-301F-11D3-BF4B-00C04F79EFBC}") = "Assman.UnitTests", "src\Assman.UnitTests\Assman.UnitTests.csproj", "{2298DCFD-8253-4964-9720-CB561D5ACCAE}"
EndProject
Project("{FAE04EC0-301F-11D3-BF4B-00C04F79EFBC}") = "Assman.Spark.UnitTests", "src\Assman.Spark.UnitTests\Assman.Spark.UnitTests.csproj", "{32437E2C-1E8B-4ADF-8070-A99AD5A0274D}"
EndProject
Project("{2150E333-8FDC-42A3-9474-1A3956D46DE8}") = "dotLess", "dotLess", "{093F6888-5FEE-4D44-BDE4-E8DBECFDC598}"
EndProject
Project("{FAE04EC0-301F-11D3-BF4B-00C04F79EFBC}") = "Assman.dotLess", "src\Assman.dotLess\Assman.dotLess.csproj", "{31F16E4E-7DAA-410B-970A-D26C270C3012}"
EndProject
Project("{FAE04EC0-301F-11D3-BF4B-00C04F79EFBC}") = "Assman.Spark", "src\Assman.Spark\Assman.Spark.csproj", "{FE4C215A-9FFC-4475-9DCC-ACAAA80C2F1F}"
EndProject
Project("{2150E333-8FDC-42A3-9474-1A3956D46DE8}") = "Samples", "Samples", "{96B97950-742B-4545-84D1-33A5E682DE10}"
EndProject
Project("{2150E333-8FDC-42A3-9474-1A3956D46DE8}") = "Mvc2-WebAppProject", "Mvc2-WebAppProject", "{88DB7D60-4270-4677-BF2A-580EC479DDDE}"
EndProject
Project("{FAE04EC0-301F-11D3-BF4B-00C04F79EFBC}") = "Website", "samples\Mvc-WebAppProject\Website\Website.csproj", "{8BC40064-631E-491F-A3E3-C56494A81977}"
	ProjectSection(ProjectDependencies) = postProject
		{DF604504-959B-464A-92C5-4C279FCD8846} = {DF604504-959B-464A-92C5-4C279FCD8846}
		{3A84EC12-7997-417E-AE49-CB7ADFB06B8A} = {3A84EC12-7997-417E-AE49-CB7ADFB06B8A}
		{31F16E4E-7DAA-410B-970A-D26C270C3012} = {31F16E4E-7DAA-410B-970A-D26C270C3012}
		{FE4C215A-9FFC-4475-9DCC-ACAAA80C2F1F} = {FE4C215A-9FFC-4475-9DCC-ACAAA80C2F1F}
	EndProjectSection
EndProject
Project("{FAE04EC0-301F-11D3-BF4B-00C04F79EFBC}") = "Assman.Mvc", "src\Assman.Mvc\Assman.Mvc.csproj", "{DF604504-959B-464A-92C5-4C279FCD8846}"
EndProject
Project("{2150E333-8FDC-42A3-9474-1A3956D46DE8}") = "YuiCompressor", "YuiCompressor", "{3387B24B-3C7D-4266-8173-AF5F7A682B08}"
EndProject
Project("{FAE04EC0-301F-11D3-BF4B-00C04F79EFBC}") = "Assman.YuiCompressor", "src\Assman.YuiCompressor\Assman.YuiCompressor.csproj", "{AD91F81D-90A7-4C57-B427-E39A8902BF57}"
EndProject
Project("{2150E333-8FDC-42A3-9474-1A3956D46DE8}") = "WebForms", "WebForms", "{BA892247-FCC6-4A04-9E44-6ACC25ED72EB}"
EndProject
Project("{FAE04EC0-301F-11D3-BF4B-00C04F79EFBC}") = "Assman.WebForms", "src\Assman.WebForms\Assman.WebForms.csproj", "{DAA51B4E-5C1B-4A32-95AD-7D52B059DE1A}"
EndProject
Project("{2150E333-8FDC-42A3-9474-1A3956D46DE8}") = "Mvc", "Mvc", "{09C80757-D4D1-4D51-9E31-76E050A506C4}"
EndProject
Global
	GlobalSection(SolutionConfigurationPlatforms) = preSolution
		Debug|Any CPU = Debug|Any CPU
		Release|Any CPU = Release|Any CPU
	EndGlobalSection
	GlobalSection(ProjectConfigurationPlatforms) = postSolution
		{3A84EC12-7997-417E-AE49-CB7ADFB06B8A}.Debug|Any CPU.ActiveCfg = Debug|Any CPU
		{3A84EC12-7997-417E-AE49-CB7ADFB06B8A}.Debug|Any CPU.Build.0 = Debug|Any CPU
		{3A84EC12-7997-417E-AE49-CB7ADFB06B8A}.Release|Any CPU.ActiveCfg = Release|Any CPU
		{3A84EC12-7997-417E-AE49-CB7ADFB06B8A}.Release|Any CPU.Build.0 = Release|Any CPU
		{2298DCFD-8253-4964-9720-CB561D5ACCAE}.Debug|Any CPU.ActiveCfg = Debug|Any CPU
		{2298DCFD-8253-4964-9720-CB561D5ACCAE}.Debug|Any CPU.Build.0 = Debug|Any CPU
		{2298DCFD-8253-4964-9720-CB561D5ACCAE}.Release|Any CPU.ActiveCfg = Release|Any CPU
		{2298DCFD-8253-4964-9720-CB561D5ACCAE}.Release|Any CPU.Build.0 = Release|Any CPU
		{32437E2C-1E8B-4ADF-8070-A99AD5A0274D}.Debug|Any CPU.ActiveCfg = Debug|Any CPU
		{32437E2C-1E8B-4ADF-8070-A99AD5A0274D}.Debug|Any CPU.Build.0 = Debug|Any CPU
		{32437E2C-1E8B-4ADF-8070-A99AD5A0274D}.Release|Any CPU.ActiveCfg = Release|Any CPU
		{32437E2C-1E8B-4ADF-8070-A99AD5A0274D}.Release|Any CPU.Build.0 = Release|Any CPU
		{31F16E4E-7DAA-410B-970A-D26C270C3012}.Debug|Any CPU.ActiveCfg = Debug|Any CPU
		{31F16E4E-7DAA-410B-970A-D26C270C3012}.Debug|Any CPU.Build.0 = Debug|Any CPU
		{31F16E4E-7DAA-410B-970A-D26C270C3012}.Release|Any CPU.ActiveCfg = Release|Any CPU
		{31F16E4E-7DAA-410B-970A-D26C270C3012}.Release|Any CPU.Build.0 = Release|Any CPU
		{FE4C215A-9FFC-4475-9DCC-ACAAA80C2F1F}.Debug|Any CPU.ActiveCfg = Debug|Any CPU
		{FE4C215A-9FFC-4475-9DCC-ACAAA80C2F1F}.Debug|Any CPU.Build.0 = Debug|Any CPU
		{FE4C215A-9FFC-4475-9DCC-ACAAA80C2F1F}.Release|Any CPU.ActiveCfg = Release|Any CPU
		{FE4C215A-9FFC-4475-9DCC-ACAAA80C2F1F}.Release|Any CPU.Build.0 = Release|Any CPU
		{8BC40064-631E-491F-A3E3-C56494A81977}.Debug|Any CPU.ActiveCfg = Debug|Any CPU
		{8BC40064-631E-491F-A3E3-C56494A81977}.Debug|Any CPU.Build.0 = Debug|Any CPU
		{8BC40064-631E-491F-A3E3-C56494A81977}.Release|Any CPU.ActiveCfg = Release|Any CPU
		{8BC40064-631E-491F-A3E3-C56494A81977}.Release|Any CPU.Build.0 = Release|Any CPU
		{DF604504-959B-464A-92C5-4C279FCD8846}.Debug|Any CPU.ActiveCfg = Debug|Any CPU
		{DF604504-959B-464A-92C5-4C279FCD8846}.Debug|Any CPU.Build.0 = Debug|Any CPU
		{DF604504-959B-464A-92C5-4C279FCD8846}.Release|Any CPU.ActiveCfg = Release|Any CPU
		{DF604504-959B-464A-92C5-4C279FCD8846}.Release|Any CPU.Build.0 = Release|Any CPU
		{AD91F81D-90A7-4C57-B427-E39A8902BF57}.Debug|Any CPU.ActiveCfg = Debug|Any CPU
		{AD91F81D-90A7-4C57-B427-E39A8902BF57}.Debug|Any CPU.Build.0 = Debug|Any CPU
		{AD91F81D-90A7-4C57-B427-E39A8902BF57}.Release|Any CPU.ActiveCfg = Release|Any CPU
		{AD91F81D-90A7-4C57-B427-E39A8902BF57}.Release|Any CPU.Build.0 = Release|Any CPU
		{DAA51B4E-5C1B-4A32-95AD-7D52B059DE1A}.Debug|Any CPU.ActiveCfg = Debug|Any CPU
		{DAA51B4E-5C1B-4A32-95AD-7D52B059DE1A}.Debug|Any CPU.Build.0 = Debug|Any CPU
		{DAA51B4E-5C1B-4A32-95AD-7D52B059DE1A}.Release|Any CPU.ActiveCfg = Release|Any CPU
		{DAA51B4E-5C1B-4A32-95AD-7D52B059DE1A}.Release|Any CPU.Build.0 = Release|Any CPU
	EndGlobalSection
	GlobalSection(SolutionProperties) = preSolution
		HideSolutionNode = FALSE
	EndGlobalSection
	GlobalSection(NestedProjects) = preSolution
		{32437E2C-1E8B-4ADF-8070-A99AD5A0274D} = {AC5747EB-66AB-4B05-BF30-7AA088A89F34}
		{FE4C215A-9FFC-4475-9DCC-ACAAA80C2F1F} = {AC5747EB-66AB-4B05-BF30-7AA088A89F34}
		{31F16E4E-7DAA-410B-970A-D26C270C3012} = {093F6888-5FEE-4D44-BDE4-E8DBECFDC598}
		{88DB7D60-4270-4677-BF2A-580EC479DDDE} = {96B97950-742B-4545-84D1-33A5E682DE10}
		{8BC40064-631E-491F-A3E3-C56494A81977} = {88DB7D60-4270-4677-BF2A-580EC479DDDE}
		{AD91F81D-90A7-4C57-B427-E39A8902BF57} = {3387B24B-3C7D-4266-8173-AF5F7A682B08}
		{DAA51B4E-5C1B-4A32-95AD-7D52B059DE1A} = {BA892247-FCC6-4A04-9E44-6ACC25ED72EB}
		{DF604504-959B-464A-92C5-4C279FCD8846} = {09C80757-D4D1-4D51-9E31-76E050A506C4}
	EndGlobalSection
EndGlobal
